// !$*UTF8*$!
{
	archiveVersion = 1;
	classes = {
	};
	objectVersion = 46;
	objects = {

/* Begin PBXBuildFile section */
		F42A44B31B56139000A63324 /* AppDelegate.swift in Sources */ = {isa = PBXBuildFile; fileRef = F42A44B21B56139000A63324 /* AppDelegate.swift */; };
		F42A44B51B56139000A63324 /* ViewController.swift in Sources */ = {isa = PBXBuildFile; fileRef = F42A44B41B56139000A63324 /* ViewController.swift */; };
		F42A44B81B56139000A63324 /* Main.storyboard in Resources */ = {isa = PBXBuildFile; fileRef = F42A44B61B56139000A63324 /* Main.storyboard */; };
		F42A44BA1B56139000A63324 /* Assets.xcassets in Resources */ = {isa = PBXBuildFile; fileRef = F42A44B91B56139000A63324 /* Assets.xcassets */; };
		F42A44BD1B56139000A63324 /* LaunchScreen.storyboard in Resources */ = {isa = PBXBuildFile; fileRef = F42A44BB1B56139000A63324 /* LaunchScreen.storyboard */; };
		F42A44C81B56139000A63324 /* drawtestTests.swift in Sources */ = {isa = PBXBuildFile; fileRef = F42A44C71B56139000A63324 /* drawtestTests.swift */; };
		F42A44D31B56139000A63324 /* drawtestUITests.swift in Sources */ = {isa = PBXBuildFile; fileRef = F42A44D21B56139000A63324 /* drawtestUITests.swift */; };
		F42A44E61B56144300A63324 /* ScoreView.swift in Sources */ = {isa = PBXBuildFile; fileRef = F42A44E41B56144300A63324 /* ScoreView.swift */; };
		F42A44E71B56144300A63324 /* ScoreLayer.swift in Sources */ = {isa = PBXBuildFile; fileRef = F42A44E51B56144300A63324 /* ScoreLayer.swift */; };
/* End PBXBuildFile section */

/* Begin PBXContainerItemProxy section */
		F42A44C41B56139000A63324 /* PBXContainerItemProxy */ = {
			isa = PBXContainerItemProxy;
			containerPortal = F42A44A71B56138F00A63324 /* Project object */;
			proxyType = 1;
			remoteGlobalIDString = F42A44AE1B56139000A63324;
			remoteInfo = drawtest;
		};
		F42A44CF1B56139000A63324 /* PBXContainerItemProxy */ = {
			isa = PBXContainerItemProxy;
			containerPortal = F42A44A71B56138F00A63324 /* Project object */;
			proxyType = 1;
			remoteGlobalIDString = F42A44AE1B56139000A63324;
			remoteInfo = drawtest;
		};
/* End PBXContainerItemProxy section */

/* Begin PBXFileReference section */
		F42A44AF1B56139000A63324 /* drawtest.app */ = {isa = PBXFileReference; explicitFileType = wrapper.application; includeInIndex = 0; path = drawtest.app; sourceTree = BUILT_PRODUCTS_DIR; };
		F42A44B21B56139000A63324 /* AppDelegate.swift */ = {isa = PBXFileReference; lastKnownFileType = sourcecode.swift; path = AppDelegate.swift; sourceTree = "<group>"; };
		F42A44B41B56139000A63324 /* ViewController.swift */ = {isa = PBXFileReference; lastKnownFileType = sourcecode.swift; path = ViewController.swift; sourceTree = "<group>"; };
		F42A44B71B56139000A63324 /* Base */ = {isa = PBXFileReference; lastKnownFileType = file.storyboard; name = Base; path = Base.lproj/Main.storyboard; sourceTree = "<group>"; };
		F42A44B91B56139000A63324 /* Assets.xcassets */ = {isa = PBXFileReference; lastKnownFileType = folder.assetcatalog; path = Assets.xcassets; sourceTree = "<group>"; };
		F42A44BC1B56139000A63324 /* Base */ = {isa = PBXFileReference; lastKnownFileType = file.storyboard; name = Base; path = Base.lproj/LaunchScreen.storyboard; sourceTree = "<group>"; };
		F42A44BE1B56139000A63324 /* Info.plist */ = {isa = PBXFileReference; lastKnownFileType = text.plist.xml; path = Info.plist; sourceTree = "<group>"; };
		F42A44C31B56139000A63324 /* drawtestTests.xctest */ = {isa = PBXFileReference; explicitFileType = wrapper.cfbundle; includeInIndex = 0; path = drawtestTests.xctest; sourceTree = BUILT_PRODUCTS_DIR; };
		F42A44C71B56139000A63324 /* drawtestTests.swift */ = {isa = PBXFileReference; lastKnownFileType = sourcecode.swift; path = drawtestTests.swift; sourceTree = "<group>"; };
		F42A44C91B56139000A63324 /* Info.plist */ = {isa = PBXFileReference; lastKnownFileType = text.plist.xml; path = Info.plist; sourceTree = "<group>"; };
		F42A44CE1B56139000A63324 /* drawtestUITests.xctest */ = {isa = PBXFileReference; explicitFileType = wrapper.cfbundle; includeInIndex = 0; path = drawtestUITests.xctest; sourceTree = BUILT_PRODUCTS_DIR; };
		F42A44D21B56139000A63324 /* drawtestUITests.swift */ = {isa = PBXFileReference; lastKnownFileType = sourcecode.swift; path = drawtestUITests.swift; sourceTree = "<group>"; };
		F42A44D41B56139000A63324 /* Info.plist */ = {isa = PBXFileReference; lastKnownFileType = text.plist.xml; path = Info.plist; sourceTree = "<group>"; };
		F42A44E41B56144300A63324 /* ScoreView.swift */ = {isa = PBXFileReference; fileEncoding = 4; lastKnownFileType = sourcecode.swift; path = ScoreView.swift; sourceTree = "<group>"; };
		F42A44E51B56144300A63324 /* ScoreLayer.swift */ = {isa = PBXFileReference; fileEncoding = 4; lastKnownFileType = sourcecode.swift; path = ScoreLayer.swift; sourceTree = "<group>"; };
/* End PBXFileReference section */

/* Begin PBXFrameworksBuildPhase section */
		F42A44AC1B56139000A63324 /* Frameworks */ = {
			isa = PBXFrameworksBuildPhase;
			buildActionMask = 2147483647;
			files = (
			);
			runOnlyForDeploymentPostprocessing = 0;
		};
		F42A44C01B56139000A63324 /* Frameworks */ = {
			isa = PBXFrameworksBuildPhase;
			buildActionMask = 2147483647;
			files = (
			);
			runOnlyForDeploymentPostprocessing = 0;
		};
		F42A44CB1B56139000A63324 /* Frameworks */ = {
			isa = PBXFrameworksBuildPhase;
			buildActionMask = 2147483647;
			files = (
			);
			runOnlyForDeploymentPostprocessing = 0;
		};
/* End PBXFrameworksBuildPhase section */

/* Begin PBXGroup section */
		F42A44A61B56138F00A63324 = {
			isa = PBXGroup;
			children = (
				F42A44B11B56139000A63324 /* drawtest */,
				F42A44C61B56139000A63324 /* drawtestTests */,
				F42A44D11B56139000A63324 /* drawtestUITests */,
				F42A44B01B56139000A63324 /* Products */,
			);
			sourceTree = "<group>";
		};
		F42A44B01B56139000A63324 /* Products */ = {
			isa = PBXGroup;
			children = (
				F42A44AF1B56139000A63324 /* drawtest.app */,
				F42A44C31B56139000A63324 /* drawtestTests.xctest */,
				F42A44CE1B56139000A63324 /* drawtestUITests.xctest */,
			);
			name = Products;
			sourceTree = "<group>";
		};
		F42A44B11B56139000A63324 /* drawtest */ = {
			isa = PBXGroup;
			children = (
				F42A44B21B56139000A63324 /* AppDelegate.swift */,
				F42A44B41B56139000A63324 /* ViewController.swift */,
				F42A44B61B56139000A63324 /* Main.storyboard */,
				F42A44E41B56144300A63324 /* ScoreView.swift */,
				F42A44E51B56144300A63324 /* ScoreLayer.swift */,
				F42A44B91B56139000A63324 /* Assets.xcassets */,
				F42A44BB1B56139000A63324 /* LaunchScreen.storyboard */,
				F42A44BE1B56139000A63324 /* Info.plist */,
			);
			path = drawtest;
			sourceTree = "<group>";
		};
		F42A44C61B56139000A63324 /* drawtestTests */ = {
			isa = PBXGroup;
			children = (
				F42A44C71B56139000A63324 /* drawtestTests.swift */,
				F42A44C91B56139000A63324 /* Info.plist */,
			);
			path = drawtestTests;
			sourceTree = "<group>";
		};
		F42A44D11B56139000A63324 /* drawtestUITests */ = {
			isa = PBXGroup;
			children = (
				F42A44D21B56139000A63324 /* drawtestUITests.swift */,
				F42A44D41B56139000A63324 /* Info.plist */,
			);
			path = drawtestUITests;
			sourceTree = "<group>";
		};
/* End PBXGroup section */

/* Begin PBXNativeTarget section */
		F42A44AE1B56139000A63324 /* drawtest */ = {
			isa = PBXNativeTarget;
			buildConfigurationList = F42A44D71B56139000A63324 /* Build configuration list for PBXNativeTarget "drawtest" */;
			buildPhases = (
				F42A44AB1B56139000A63324 /* Sources */,
				F42A44AC1B56139000A63324 /* Frameworks */,
				F42A44AD1B56139000A63324 /* Resources */,
			);
			buildRules = (
			);
			dependencies = (
			);
			name = drawtest;
			productName = drawtest;
			productReference = F42A44AF1B56139000A63324 /* drawtest.app */;
			productType = "com.apple.product-type.application";
		};
		F42A44C21B56139000A63324 /* drawtestTests */ = {
			isa = PBXNativeTarget;
			buildConfigurationList = F42A44DA1B56139000A63324 /* Build configuration list for PBXNativeTarget "drawtestTests" */;
			buildPhases = (
				F42A44BF1B56139000A63324 /* Sources */,
				F42A44C01B56139000A63324 /* Frameworks */,
				F42A44C11B56139000A63324 /* Resources */,
			);
			buildRules = (
			);
			dependencies = (
				F42A44C51B56139000A63324 /* PBXTargetDependency */,
			);
			name = drawtestTests;
			productName = drawtestTests;
			productReference = F42A44C31B56139000A63324 /* drawtestTests.xctest */;
			productType = "com.apple.product-type.bundle.unit-test";
		};
		F42A44CD1B56139000A63324 /* drawtestUITests */ = {
			isa = PBXNativeTarget;
			buildConfigurationList = F42A44DD1B56139000A63324 /* Build configuration list for PBXNativeTarget "drawtestUITests" */;
			buildPhases = (
				F42A44CA1B56139000A63324 /* Sources */,
				F42A44CB1B56139000A63324 /* Frameworks */,
				F42A44CC1B56139000A63324 /* Resources */,
			);
			buildRules = (
			);
			dependencies = (
				F42A44D01B56139000A63324 /* PBXTargetDependency */,
			);
			name = drawtestUITests;
			productName = drawtestUITests;
			productReference = F42A44CE1B56139000A63324 /* drawtestUITests.xctest */;
			productType = "com.apple.product-type.bundle.ui-testing";
		};
/* End PBXNativeTarget section */

/* Begin PBXProject section */
		F42A44A71B56138F00A63324 /* Project object */ = {
			isa = PBXProject;
			attributes = {
				LastUpgradeCheck = 0700;
				ORGANIZATIONNAME = electricbaconstudios;
				TargetAttributes = {
					F42A44AE1B56139000A63324 = {
						CreatedOnToolsVersion = 7.0;
					};
					F42A44C21B56139000A63324 = {
						CreatedOnToolsVersion = 7.0;
						TestTargetID = F42A44AE1B56139000A63324;
					};
					F42A44CD1B56139000A63324 = {
						CreatedOnToolsVersion = 7.0;
						TestTargetID = F42A44AE1B56139000A63324;
					};
				};
			};
			buildConfigurationList = F42A44AA1B56138F00A63324 /* Build configuration list for PBXProject "drawtest" */;
			compatibilityVersion = "Xcode 3.2";
			developmentRegion = English;
			hasScannedForEncodings = 0;
			knownRegions = (
				en,
				Base,
			);
			mainGroup = F42A44A61B56138F00A63324;
			productRefGroup = F42A44B01B56139000A63324 /* Products */;
			projectDirPath = "";
			projectRoot = "";
			targets = (
				F42A44AE1B56139000A63324 /* drawtest */,
				F42A44C21B56139000A63324 /* drawtestTests */,
				F42A44CD1B56139000A63324 /* drawtestUITests */,
			);
		};
/* End PBXProject section */

/* Begin PBXResourcesBuildPhase section */
		F42A44AD1B56139000A63324 /* Resources */ = {
			isa = PBXResourcesBuildPhase;
			buildActionMask = 2147483647;
			files = (
				F42A44BD1B56139000A63324 /* LaunchScreen.storyboard in Resources */,
				F42A44BA1B56139000A63324 /* Assets.xcassets in Resources */,
				F42A44B81B56139000A63324 /* Main.storyboard in Resources */,
			);
			runOnlyForDeploymentPostprocessing = 0;
		};
		F42A44C11B56139000A63324 /* Resources */ = {
			isa = PBXResourcesBuildPhase;
			buildActionMask = 2147483647;
			files = (
			);
			runOnlyForDeploymentPostprocessing = 0;
		};
		F42A44CC1B56139000A63324 /* Resources */ = {
			isa = PBXResourcesBuildPhase;
			buildActionMask = 2147483647;
			files = (
			);
			runOnlyForDeploymentPostprocessing = 0;
		};
/* End PBXResourcesBuildPhase section */

/* Begin PBXSourcesBuildPhase section */
		F42A44AB1B56139000A63324 /* Sources */ = {
			isa = PBXSourcesBuildPhase;
			buildActionMask = 2147483647;
			files = (
				F42A44E71B56144300A63324 /* ScoreLayer.swift in Sources */,
				F42A44B51B56139000A63324 /* ViewController.swift in Sources */,
				F42A44B31B56139000A63324 /* AppDelegate.swift in Sources */,
				F42A44E61B56144300A63324 /* ScoreView.swift in Sources */,
			);
			runOnlyForDeploymentPostprocessing = 0;
		};
		F42A44BF1B56139000A63324 /* Sources */ = {
			isa = PBXSourcesBuildPhase;
			buildActionMask = 2147483647;
			files = (
				F42A44C81B56139000A63324 /* drawtestTests.swift in Sources */,
			);
			runOnlyForDeploymentPostprocessing = 0;
		};
		F42A44CA1B56139000A63324 /* Sources */ = {
			isa = PBXSourcesBuildPhase;
			buildActionMask = 2147483647;
			files = (
				F42A44D31B56139000A63324 /* drawtestUITests.swift in Sources */,
			);
			runOnlyForDeploymentPostprocessing = 0;
		};
/* End PBXSourcesBuildPhase section */

/* Begin PBXTargetDependency section */
		F42A44C51B56139000A63324 /* PBXTargetDependency */ = {
			isa = PBXTargetDependency;
			target = F42A44AE1B56139000A63324 /* drawtest */;
			targetProxy = F42A44C41B56139000A63324 /* PBXContainerItemProxy */;
		};
		F42A44D01B56139000A63324 /* PBXTargetDependency */ = {
			isa = PBXTargetDependency;
			target = F42A44AE1B56139000A63324 /* drawtest */;
			targetProxy = F42A44CF1B56139000A63324 /* PBXContainerItemProxy */;
		};
/* End PBXTargetDependency section */

/* Begin PBXVariantGroup section */
		F42A44B61B56139000A63324 /* Main.storyboard */ = {
			isa = PBXVariantGroup;
			children = (
				F42A44B71B56139000A63324 /* Base */,
			);
			name = Main.storyboard;
			sourceTree = "<group>";
		};
		F42A44BB1B56139000A63324 /* LaunchScreen.storyboard */ = {
			isa = PBXVariantGroup;
			children = (
				F42A44BC1B56139000A63324 /* Base */,
			);
			name = LaunchScreen.storyboard;
			sourceTree = "<group>";
		};
/* End PBXVariantGroup section */

/* Begin XCBuildConfiguration section */
		F42A44D51B56139000A63324 /* Debug */ = {
			isa = XCBuildConfiguration;
			buildSettings = {
				ALWAYS_SEARCH_USER_PATHS = NO;
				CLANG_CXX_LANGUAGE_STANDARD = "gnu++0x";
				CLANG_CXX_LIBRARY = "libc++";
				CLANG_ENABLE_MODULES = YES;
				CLANG_ENABLE_OBJC_ARC = YES;
				CLANG_WARN_BOOL_CONVERSION = YES;
				CLANG_WARN_CONSTANT_CONVERSION = YES;
				CLANG_WARN_DIRECT_OBJC_ISA_USAGE = YES_ERROR;
				CLANG_WARN_EMPTY_BODY = YES;
				CLANG_WARN_ENUM_CONVERSION = YES;
				CLANG_WARN_INT_CONVERSION = YES;
				CLANG_WARN_OBJC_ROOT_CLASS = YES_ERROR;
				CLANG_WARN_UNREACHABLE_CODE = YES;
				CLANG_WARN__DUPLICATE_METHOD_MATCH = YES;
				"CODE_SIGN_IDENTITY[sdk=iphoneos*]" = "iPhone Developer";
				COPY_PHASE_STRIP = NO;
				DEBUG_INFORMATION_FORMAT = dwarf;
				ENABLE_STRICT_OBJC_MSGSEND = YES;
				ENABLE_TESTABILITY = YES;
				GCC_C_LANGUAGE_STANDARD = gnu99;
				GCC_DYNAMIC_NO_PIC = NO;
				GCC_NO_COMMON_BLOCKS = YES;
				GCC_OPTIMIZATION_LEVEL = 0;
				GCC_PREPROCESSOR_DEFINITIONS = (
					"DEBUG=1",
					"$(inherited)",
				);
				GCC_WARN_64_TO_32_BIT_CONVERSION = YES;
				GCC_WARN_ABOUT_RETURN_TYPE = YES_ERROR;
				GCC_WARN_UNDECLARED_SELECTOR = YES;
				GCC_WARN_UNINITIALIZED_AUTOS = YES_AGGRESSIVE;
				GCC_WARN_UNUSED_FUNCTION = YES;
				GCC_WARN_UNUSED_VARIABLE = YES;
				IPHONEOS_DEPLOYMENT_TARGET = 9.0;
				MTL_ENABLE_DEBUG_INFO = YES;
				ONLY_ACTIVE_ARCH = YES;
				SDKROOT = iphoneos;
				SWIFT_OPTIMIZATION_LEVEL = "-Onone";
				TARGETED_DEVICE_FAMILY = "1,2";
			};
			name = Debug;
		};
		F42A44D61B56139000A63324 /* Release */ = {
			isa = XCBuildConfiguration;
			buildSettings = {
				ALWAYS_SEARCH_USER_PATHS = NO;
				CLANG_CXX_LANGUAGE_STANDARD = "gnu++0x";
				CLANG_CXX_LIBRARY = "libc++";
				CLANG_ENABLE_MODULES = YES;
				CLANG_ENABLE_OBJC_ARC = YES;
				CLANG_WARN_BOOL_CONVERSION = YES;
				CLANG_WARN_CONSTANT_CONVERSION = YES;
				CLANG_WARN_DIRECT_OBJC_ISA_USAGE = YES_ERROR;
				CLANG_WARN_EMPTY_BODY = YES;
				CLANG_WARN_ENUM_CONVERSION = YES;
				CLANG_WARN_INT_CONVERSION = YES;
				CLANG_WARN_OBJC_ROOT_CLASS = YES_ERROR;
				CLANG_WARN_UNREACHABLE_CODE = YES;
				CLANG_WARN__DUPLICATE_METHOD_MATCH = YES;
				"CODE_SIGN_IDENTITY[sdk=iphoneos*]" = "iPhone Developer";
				COPY_PHASE_STRIP = NO;
				DEBUG_INFORMATION_FORMAT = "dwarf-with-dsym";
				ENABLE_NS_ASSERTIONS = NO;
				ENABLE_STRICT_OBJC_MSGSEND = YES;
				GCC_C_LANGUAGE_STANDARD = gnu99;
				GCC_NO_COMMON_BLOCKS = YES;
				GCC_WARN_64_TO_32_BIT_CONVERSION = YES;
				GCC_WARN_ABOUT_RETURN_TYPE = YES_ERROR;
				GCC_WARN_UNDECLARED_SELECTOR = YES;
				GCC_WARN_UNINITIALIZED_AUTOS = YES_AGGRESSIVE;
				GCC_WARN_UNUSED_FUNCTION = YES;
				GCC_WARN_UNUSED_VARIABLE = YES;
				IPHONEOS_DEPLOYMENT_TARGET = 9.0;
				MTL_ENABLE_DEBUG_INFO = NO;
				SDKROOT = iphoneos;
				TARGETED_DEVICE_FAMILY = "1,2";
				VALIDATE_PRODUCT = YES;
			};
			name = Release;
		};
		F42A44D81B56139000A63324 /* Debug */ = {
			isa = XCBuildConfiguration;
			buildSettings = {
				ASSETCATALOG_COMPILER_APPICON_NAME = AppIcon;
				INFOPLIST_FILE = drawtest/Info.plist;
				LD_RUNPATH_SEARCH_PATHS = "$(inherited) @executable_path/Frameworks";
				PRODUCT_BUNDLE_IDENTIFIER = com.electricbaconstudios.drawtest;
				PRODUCT_NAME = "$(TARGET_NAME)";
			};
			name = Debug;
		};
		F42A44D91B56139000A63324 /* Release */ = {
			isa = XCBuildConfiguration;
			buildSettings = {
				ASSETCATALOG_COMPILER_APPICON_NAME = AppIcon;
				INFOPLIST_FILE = drawtest/Info.plist;
				LD_RUNPATH_SEARCH_PATHS = "$(inherited) @executable_path/Frameworks";
				PRODUCT_BUNDLE_IDENTIFIER = com.electricbaconstudios.drawtest;
				PRODUCT_NAME = "$(TARGET_NAME)";
			};
			name = Release;
		};
		F42A44DB1B56139000A63324 /* Debug */ = {
			isa = XCBuildConfiguration;
			buildSettings = {
				BUNDLE_LOADER = "$(TEST_HOST)";
				INFOPLIST_FILE = drawtestTests/Info.plist;
				LD_RUNPATH_SEARCH_PATHS = "$(inherited) @executable_path/Frameworks @loader_path/Frameworks";
				PRODUCT_BUNDLE_IDENTIFIER = com.electricbaconstudios.drawtestTests;
				PRODUCT_NAME = "$(TARGET_NAME)";
				TEST_HOST = "$(BUILT_PRODUCTS_DIR)/drawtest.app/drawtest";
			};
			name = Debug;
		};
		F42A44DC1B56139000A63324 /* Release */ = {
			isa = XCBuildConfiguration;
			buildSettings = {
				BUNDLE_LOADER = "$(TEST_HOST)";
				INFOPLIST_FILE = drawtestTests/Info.plist;
				LD_RUNPATH_SEARCH_PATHS = "$(inherited) @executable_path/Frameworks @loader_path/Frameworks";
				PRODUCT_BUNDLE_IDENTIFIER = com.electricbaconstudios.drawtestTests;
				PRODUCT_NAME = "$(TARGET_NAME)";
				TEST_HOST = "$(BUILT_PRODUCTS_DIR)/drawtest.app/drawtest";
			};
			name = Release;
		};
		F42A44DE1B56139000A63324 /* Debug */ = {
			isa = XCBuildConfiguration;
			buildSettings = {
				INFOPLIST_FILE = drawtestUITests/Info.plist;
				LD_RUNPATH_SEARCH_PATHS = "$(inherited) @executable_path/Frameworks @loader_path/Frameworks";
				PRODUCT_BUNDLE_IDENTIFIER = com.electricbaconstudios.drawtestUITests;
				PRODUCT_NAME = "$(TARGET_NAME)";
				TEST_TARGET_NAME = drawtest;
				USES_XCTRUNNER = YES;
			};
			name = Debug;
		};
		F42A44DF1B56139000A63324 /* Release */ = {
			isa = XCBuildConfiguration;
			buildSettings = {
				INFOPLIST_FILE = drawtestUITests/Info.plist;
				LD_RUNPATH_SEARCH_PATHS = "$(inherited) @executable_path/Frameworks @loader_path/Frameworks";
				PRODUCT_BUNDLE_IDENTIFIER = com.electricbaconstudios.drawtestUITests;
				PRODUCT_NAME = "$(TARGET_NAME)";
				TEST_TARGET_NAME = drawtest;
				USES_XCTRUNNER = YES;
			};
			name = Release;
		};
/* End XCBuildConfiguration section */

/* Begin XCConfigurationList section */
		F42A44AA1B56138F00A63324 /* Build configuration list for PBXProject "drawtest" */ = {
			isa = XCConfigurationList;
			buildConfigurations = (
				F42A44D51B56139000A63324 /* Debug */,
				F42A44D61B56139000A63324 /* Release */,
			);
			defaultConfigurationIsVisible = 0;
			defaultConfigurationName = Release;
		};
		F42A44D71B56139000A63324 /* Build configuration list for PBXNativeTarget "drawtest" */ = {
			isa = XCConfigurationList;
			buildConfigurations = (
				F42A44D81B56139000A63324 /* Debug */,
				F42A44D91B56139000A63324 /* Release */,
			);
			defaultConfigurationIsVisible = 0;
		};
		F42A44DA1B56139000A63324 /* Build configuration list for PBXNativeTarget "drawtestTests" */ = {
			isa = XCConfigurationList;
			buildConfigurations = (
				F42A44DB1B56139000A63324 /* Debug */,
				F42A44DC1B56139000A63324 /* Release */,
			);
			defaultConfigurationIsVisible = 0;
		};
		F42A44DD1B56139000A63324 /* Build configuration list for PBXNativeTarget "drawtestUITests" */ = {
			isa = XCConfigurationList;
			buildConfigurations = (
				F42A44DE1B56139000A63324 /* Debug */,
				F42A44DF1B56139000A63324 /* Release */,
			);
			defaultConfigurationIsVisible = 0;
		};
/* End XCConfigurationList section */
	};
	rootObject = F42A44A71B56138F00A63324 /* Project object */;
}
